
Microsoft Visual Studio Solution File, Format Version 12.00
# Visual Studio 14
VisualStudioVersion = 14.0.25420.1
MinimumVisualStudioVersion = 10.0.40219.1
Project("{FAE04EC0-301F-11D3-BF4B-00C04F79EFBC}") = "VehicleShowRoom.Entities", "VehicleShowRoom.Entities\VehicleShowRoom.Entities.csproj", "{4A82A4B6-2B05-4743-A98E-BB05DD4750F3}"
EndProject
Project("{FAE04EC0-301F-11D3-BF4B-00C04F79EFBC}") = "VehicleShowRoom.Core", "VehicleShowRoom.Core\VehicleShowRoom.Core.csproj", "{F504481A-EC2E-4B65-A771-A5A90F354714}"
EndProject
Project("{2150E333-8FDC-42A3-9474-1A3956D46DE8}") = "Tests", "Tests", "{0BAC38F0-33C8-43A9-B4F3-AA3591A4426B}"
EndProject
Project("{FAE04EC0-301F-11D3-BF4B-00C04F79EFBC}") = "VehicleShowRoom.Core.Test", "VehicleShowRoom.Core.Test\VehicleShowRoom.Core.Test.csproj", "{339A70B8-B072-427F-9A1E-E993913946A9}"
EndProject
Global
	GlobalSection(SolutionConfigurationPlatforms) = preSolution
		Debug|Any CPU = Debug|Any CPU
		Release|Any CPU = Release|Any CPU
	EndGlobalSection
	GlobalSection(ProjectConfigurationPlatforms) = postSolution
		{4A82A4B6-2B05-4743-A98E-BB05DD4750F3}.Debug|Any CPU.ActiveCfg = Debug|Any CPU
		{4A82A4B6-2B05-4743-A98E-BB05DD4750F3}.Debug|Any CPU.Build.0 = Debug|Any CPU
		{4A82A4B6-2B05-4743-A98E-BB05DD4750F3}.Release|Any CPU.ActiveCfg = Release|Any CPU
		{4A82A4B6-2B05-4743-A98E-BB05DD4750F3}.Release|Any CPU.Build.0 = Release|Any CPU
		{F504481A-EC2E-4B65-A771-A5A90F354714}.Debug|Any CPU.ActiveCfg = Debug|Any CPU
		{F504481A-EC2E-4B65-A771-A5A90F354714}.Debug|Any CPU.Build.0 = Debug|Any CPU
		{F504481A-EC2E-4B65-A771-A5A90F354714}.Release|Any CPU.ActiveCfg = Release|Any CPU
		{F504481A-EC2E-4B65-A771-A5A90F354714}.Release|Any CPU.Build.0 = Release|Any CPU
		{339A70B8-B072-427F-9A1E-E993913946A9}.Debug|Any CPU.ActiveCfg = Debug|Any CPU
		{339A70B8-B072-427F-9A1E-E993913946A9}.Debug|Any CPU.Build.0 = Debug|Any CPU
		{339A70B8-B072-427F-9A1E-E993913946A9}.Release|Any CPU.ActiveCfg = Release|Any CPU
		{339A70B8-B072-427F-9A1E-E993913946A9}.Release|Any CPU.Build.0 = Release|Any CPU
	EndGlobalSection
	GlobalSection(SolutionProperties) = preSolution
		HideSolutionNode = FALSE
	EndGlobalSection
	GlobalSection(NestedProjects) = preSolution
		{339A70B8-B072-427F-9A1E-E993913946A9} = {0BAC38F0-33C8-43A9-B4F3-AA3591A4426B}
	EndGlobalSection
EndGlobal
